// !$*UTF8*$!
{
	archiveVersion = 1;
	classes = {
	};
	objectVersion = 55;
	objects = {

/* Begin PBXBuildFile section */
		939A43012804CA1400654BE3 /* AppDelegate.swift in Sources */ = {isa = PBXBuildFile; fileRef = 939A43002804CA1400654BE3 /* AppDelegate.swift */; };
		939A43032804CA1400654BE3 /* SceneDelegate.swift in Sources */ = {isa = PBXBuildFile; fileRef = 939A43022804CA1400654BE3 /* SceneDelegate.swift */; };
		939A43052804CA1400654BE3 /* ListViewController.swift in Sources */ = {isa = PBXBuildFile; fileRef = 939A43042804CA1400654BE3 /* ListViewController.swift */; };
		939A43082804CA1400654BE3 /* Main.storyboard in Resources */ = {isa = PBXBuildFile; fileRef = 939A43062804CA1400654BE3 /* Main.storyboard */; };
		939A430A2804CA1800654BE3 /* Assets.xcassets in Resources */ = {isa = PBXBuildFile; fileRef = 939A43092804CA1800654BE3 /* Assets.xcassets */; };
		939A430D2804CA1800654BE3 /* LaunchScreen.storyboard in Resources */ = {isa = PBXBuildFile; fileRef = 939A430B2804CA1800654BE3 /* LaunchScreen.storyboard */; };
		939A43152804D3FF00654BE3 /* Creatures.swift in Sources */ = {isa = PBXBuildFile; fileRef = 939A43142804D3FF00654BE3 /* Creatures.swift */; };
		939A43172804E02500654BE3 /* DetailViewController.swift in Sources */ = {isa = PBXBuildFile; fileRef = 939A43162804E02500654BE3 /* DetailViewController.swift */; };
		939A43192804E09100654BE3 /* Creature.swift in Sources */ = {isa = PBXBuildFile; fileRef = 939A43182804E09100654BE3 /* Creature.swift */; };
		939A431B2804E2F900654BE3 /* CreatureDetail.swift in Sources */ = {isa = PBXBuildFile; fileRef = 939A431A2804E2F900654BE3 /* CreatureDetail.swift */; };
/* End PBXBuildFile section */

/* Begin PBXFileReference section */
		939A42FD2804CA1400654BE3 /* Catch 'em All.app */ = {isa = PBXFileReference; explicitFileType = wrapper.application; includeInIndex = 0; path = "Catch 'em All.app"; sourceTree = BUILT_PRODUCTS_DIR; };
		939A43002804CA1400654BE3 /* AppDelegate.swift */ = {isa = PBXFileReference; lastKnownFileType = sourcecode.swift; path = AppDelegate.swift; sourceTree = "<group>"; };
		939A43022804CA1400654BE3 /* SceneDelegate.swift */ = {isa = PBXFileReference; lastKnownFileType = sourcecode.swift; path = SceneDelegate.swift; sourceTree = "<group>"; };
		939A43042804CA1400654BE3 /* ListViewController.swift */ = {isa = PBXFileReference; lastKnownFileType = sourcecode.swift; path = ListViewController.swift; sourceTree = "<group>"; };
		939A43072804CA1400654BE3 /* Base */ = {isa = PBXFileReference; lastKnownFileType = file.storyboard; name = Base; path = Base.lproj/Main.storyboard; sourceTree = "<group>"; };
		939A43092804CA1800654BE3 /* Assets.xcassets */ = {isa = PBXFileReference; lastKnownFileType = folder.assetcatalog; path = Assets.xcassets; sourceTree = "<group>"; };
		939A430C2804CA1800654BE3 /* Base */ = {isa = PBXFileReference; lastKnownFileType = file.storyboard; name = Base; path = Base.lproj/LaunchScreen.storyboard; sourceTree = "<group>"; };
		939A430E2804CA1800654BE3 /* Info.plist */ = {isa = PBXFileReference; lastKnownFileType = text.plist.xml; path = Info.plist; sourceTree = "<group>"; };
		939A43142804D3FF00654BE3 /* Creatures.swift */ = {isa = PBXFileReference; lastKnownFileType = sourcecode.swift; path = Creatures.swift; sourceTree = "<group>"; };
		939A43162804E02500654BE3 /* DetailViewController.swift */ = {isa = PBXFileReference; lastKnownFileType = sourcecode.swift; path = DetailViewController.swift; sourceTree = "<group>"; };
		939A43182804E09100654BE3 /* Creature.swift */ = {isa = PBXFileReference; lastKnownFileType = sourcecode.swift; path = Creature.swift; sourceTree = "<group>"; };
		939A431A2804E2F900654BE3 /* CreatureDetail.swift */ = {isa = PBXFileReference; lastKnownFileType = sourcecode.swift; path = CreatureDetail.swift; sourceTree = "<group>"; };
/* End PBXFileReference section */

/* Begin PBXFrameworksBuildPhase section */
		939A42FA2804CA1400654BE3 /* Frameworks */ = {
			isa = PBXFrameworksBuildPhase;
			buildActionMask = 2147483647;
			files = (
			);
			runOnlyForDeploymentPostprocessing = 0;
		};
/* End PBXFrameworksBuildPhase section */

/* Begin PBXGroup section */
		939A42F42804CA1400654BE3 = {
			isa = PBXGroup;
			children = (
				939A42FF2804CA1400654BE3 /* Catch 'em All */,
				939A42FE2804CA1400654BE3 /* Products */,
			);
			sourceTree = "<group>";
		};
		939A42FE2804CA1400654BE3 /* Products */ = {
			isa = PBXGroup;
			children = (
				939A42FD2804CA1400654BE3 /* Catch 'em All.app */,
			);
			name = Products;
			sourceTree = "<group>";
		};
		939A42FF2804CA1400654BE3 /* Catch 'em All */ = {
			isa = PBXGroup;
			children = (
				939A43002804CA1400654BE3 /* AppDelegate.swift */,
				939A43022804CA1400654BE3 /* SceneDelegate.swift */,
				939A43142804D3FF00654BE3 /* Creatures.swift */,
				939A43182804E09100654BE3 /* Creature.swift */,
				939A431A2804E2F900654BE3 /* CreatureDetail.swift */,
				939A43042804CA1400654BE3 /* ListViewController.swift */,
				939A43162804E02500654BE3 /* DetailViewController.swift */,
				939A43062804CA1400654BE3 /* Main.storyboard */,
				939A43092804CA1800654BE3 /* Assets.xcassets */,
				939A430B2804CA1800654BE3 /* LaunchScreen.storyboard */,
				939A430E2804CA1800654BE3 /* Info.plist */,
			);
			path = "Catch 'em All";
			sourceTree = "<group>";
		};
/* End PBXGroup section */

/* Begin PBXNativeTarget section */
		939A42FC2804CA1400654BE3 /* Catch 'em All */ = {
			isa = PBXNativeTarget;
			buildConfigurationList = 939A43112804CA1800654BE3 /* Build configuration list for PBXNativeTarget "Catch 'em All" */;
			buildPhases = (
				939A42F92804CA1400654BE3 /* Sources */,
				939A42FA2804CA1400654BE3 /* Frameworks */,
				939A42FB2804CA1400654BE3 /* Resources */,
			);
			buildRules = (
			);
			dependencies = (
			);
			name = "Catch 'em All";
			productName = "Catch 'em All";
			productReference = 939A42FD2804CA1400654BE3 /* Catch 'em All.app */;
			productType = "com.apple.product-type.application";
		};
/* End PBXNativeTarget section */

/* Begin PBXProject section */
		939A42F52804CA1400654BE3 /* Project object */ = {
			isa = PBXProject;
			attributes = {
				BuildIndependentTargetsInParallel = 1;
				LastSwiftUpdateCheck = 1330;
				LastUpgradeCheck = 1330;
				TargetAttributes = {
					939A42FC2804CA1400654BE3 = {
						CreatedOnToolsVersion = 13.3;
					};
				};
			};
			buildConfigurationList = 939A42F82804CA1400654BE3 /* Build configuration list for PBXProject "Catch 'em All" */;
			compatibilityVersion = "Xcode 13.0";
			developmentRegion = en;
			hasScannedForEncodings = 0;
			knownRegions = (
				en,
				Base,
			);
			mainGroup = 939A42F42804CA1400654BE3;
			productRefGroup = 939A42FE2804CA1400654BE3 /* Products */;
			projectDirPath = "";
			projectRoot = "";
			targets = (
				939A42FC2804CA1400654BE3 /* Catch 'em All */,
			);
		};
/* End PBXProject section */

/* Begin PBXResourcesBuildPhase section */
		939A42FB2804CA1400654BE3 /* Resources */ = {
			isa = PBXResourcesBuildPhase;
			buildActionMask = 2147483647;
			files = (
				939A430D2804CA1800654BE3 /* LaunchScreen.storyboard in Resources */,
				939A430A2804CA1800654BE3 /* Assets.xcassets in Resources */,
				939A43082804CA1400654BE3 /* Main.storyboard in Resources */,
			);
			runOnlyForDeploymentPostprocessing = 0;
		};
/* End PBXResourcesBuildPhase section */

/* Begin PBXSourcesBuildPhase section */
		939A42F92804CA1400654BE3 /* Sources */ = {
			isa = PBXSourcesBuildPhase;
			buildActionMask = 2147483647;
			files = (
				939A43152804D3FF00654BE3 /* Creatures.swift in Sources */,
				939A43052804CA1400654BE3 /* ListViewController.swift in Sources */,
				939A43192804E09100654BE3 /* Creature.swift in Sources */,
				939A43172804E02500654BE3 /* DetailViewController.swift in Sources */,
				939A431B2804E2F900654BE3 /* CreatureDetail.swift in Sources */,
				939A43012804CA1400654BE3 /* AppDelegate.swift in Sources */,
				939A43032804CA1400654BE3 /* SceneDelegate.swift in Sources */,
			);
			runOnlyForDeploymentPostprocessing = 0;
		};
/* End PBXSourcesBuildPhase section */

/* Begin PBXVariantGroup section */
		939A43062804CA1400654BE3 /* Main.storyboard */ = {
			isa = PBXVariantGroup;
			children = (
				939A43072804CA1400654BE3 /* Base */,
			);
			name = Main.storyboard;
			sourceTree = "<group>";
		};
		939A430B2804CA1800654BE3 /* LaunchScreen.storyboard */ = {
			isa = PBXVariantGroup;
			children = (
				939A430C2804CA1800654BE3 /* Base */,
			);
			name = LaunchScreen.storyboard;
			sourceTree = "<group>";
		};
/* End PBXVariantGroup section */

/* Begin XCBuildConfiguration section */
		939A430F2804CA1800654BE3 /* Debug */ = {
			isa = XCBuildConfiguration;
			buildSettings = {
				ALWAYS_SEARCH_USER_PATHS = NO;
				CLANG_ANALYZER_NONNULL = YES;
				CLANG_ANALYZER_NUMBER_OBJECT_CONVERSION = YES_AGGRESSIVE;
				CLANG_CXX_LANGUAGE_STANDARD = "gnu++17";
				CLANG_ENABLE_MODULES = YES;
				CLANG_ENABLE_OBJC_ARC = YES;
				CLANG_ENABLE_OBJC_WEAK = YES;
				CLANG_WARN_BLOCK_CAPTURE_AUTORELEASING = YES;
				CLANG_WARN_BOOL_CONVERSION = YES;
				CLANG_WARN_COMMA = YES;
				CLANG_WARN_CONSTANT_CONVERSION = YES;
				CLANG_WARN_DEPRECATED_OBJC_IMPLEMENTATIONS = YES;
				CLANG_WARN_DIRECT_OBJC_ISA_USAGE = YES_ERROR;
				CLANG_WARN_DOCUMENTATION_COMMENTS = YES;
				CLANG_WARN_EMPTY_BODY = YES;
				CLANG_WARN_ENUM_CONVERSION = YES;
				CLANG_WARN_INFINITE_RECURSION = YES;
				CLANG_WARN_INT_CONVERSION = YES;
				CLANG_WARN_NON_LITERAL_NULL_CONVERSION = YES;
				CLANG_WARN_OBJC_IMPLICIT_RETAIN_SELF = YES;
				CLANG_WARN_OBJC_LITERAL_CONVERSION = YES;
				CLANG_WARN_OBJC_ROOT_CLASS = YES_ERROR;
				CLANG_WARN_QUOTED_INCLUDE_IN_FRAMEWORK_HEADER = YES;
				CLANG_WARN_RANGE_LOOP_ANALYSIS = YES;
				CLANG_WARN_STRICT_PROTOTYPES = YES;
				CLANG_WARN_SUSPICIOUS_MOVE = YES;
				CLANG_WARN_UNGUARDED_AVAILABILITY = YES_AGGRESSIVE;
				CLANG_WARN_UNREACHABLE_CODE = YES;
				CLANG_WARN__DUPLICATE_METHOD_MATCH = YES;
				COPY_PHASE_STRIP = NO;
				DEBUG_INFORMATION_FORMAT = dwarf;
				ENABLE_STRICT_OBJC_MSGSEND = YES;
				ENABLE_TESTABILITY = YES;
				GCC_C_LANGUAGE_STANDARD = gnu11;
				GCC_DYNAMIC_NO_PIC = NO;
				GCC_NO_COMMON_BLOCKS = YES;
				GCC_OPTIMIZATION_LEVEL = 0;
				GCC_PREPROCESSOR_DEFINITIONS = (
					"DEBUG=1",
					"$(inherited)",
				);
				GCC_WARN_64_TO_32_BIT_CONVERSION = YES;
				GCC_WARN_ABOUT_RETURN_TYPE = YES_ERROR;
				GCC_WARN_UNDECLARED_SELECTOR = YES;
				GCC_WARN_UNINITIALIZED_AUTOS = YES_AGGRESSIVE;
				GCC_WARN_UNUSED_FUNCTION = YES;
				GCC_WARN_UNUSED_VARIABLE = YES;
				IPHONEOS_DEPLOYMENT_TARGET = 15.4;
				MTL_ENABLE_DEBUG_INFO = INCLUDE_SOURCE;
				MTL_FAST_MATH = YES;
				ONLY_ACTIVE_ARCH = YES;
				SDKROOT = iphoneos;
				SWIFT_ACTIVE_COMPILATION_CONDITIONS = DEBUG;
				SWIFT_OPTIMIZATION_LEVEL = "-Onone";
			};
			name = Debug;
		};
		939A43102804CA1800654BE3 /* Release */ = {
			isa = XCBuildConfiguration;
			buildSettings = {
				ALWAYS_SEARCH_USER_PATHS = NO;
				CLANG_ANALYZER_NONNULL = YES;
				CLANG_ANALYZER_NUMBER_OBJECT_CONVERSION = YES_AGGRESSIVE;
				CLANG_CXX_LANGUAGE_STANDARD = "gnu++17";
				CLANG_ENABLE_MODULES = YES;
				CLANG_ENABLE_OBJC_ARC = YES;
				CLANG_ENABLE_OBJC_WEAK = YES;
				CLANG_WARN_BLOCK_CAPTURE_AUTORELEASING = YES;
				CLANG_WARN_BOOL_CONVERSION = YES;
				CLANG_WARN_COMMA = YES;
				CLANG_WARN_CONSTANT_CONVERSION = YES;
				CLANG_WARN_DEPRECATED_OBJC_IMPLEMENTATIONS = YES;
				CLANG_WARN_DIRECT_OBJC_ISA_USAGE = YES_ERROR;
				CLANG_WARN_DOCUMENTATION_COMMENTS = YES;
				CLANG_WARN_EMPTY_BODY = YES;
				CLANG_WARN_ENUM_CONVERSION = YES;
				CLANG_WARN_INFINITE_RECURSION = YES;
				CLANG_WARN_INT_CONVERSION = YES;
				CLANG_WARN_NON_LITERAL_NULL_CONVERSION = YES;
				CLANG_WARN_OBJC_IMPLICIT_RETAIN_SELF = YES;
				CLANG_WARN_OBJC_LITERAL_CONVERSION = YES;
				CLANG_WARN_OBJC_ROOT_CLASS = YES_ERROR;
				CLANG_WARN_QUOTED_INCLUDE_IN_FRAMEWORK_HEADER = YES;
				CLANG_WARN_RANGE_LOOP_ANALYSIS = YES;
				CLANG_WARN_STRICT_PROTOTYPES = YES;
				CLANG_WARN_SUSPICIOUS_MOVE = YES;
				CLANG_WARN_UNGUARDED_AVAILABILITY = YES_AGGRESSIVE;
				CLANG_WARN_UNREACHABLE_CODE = YES;
				CLANG_WARN__DUPLICATE_METHOD_MATCH = YES;
				COPY_PHASE_STRIP = NO;
				DEBUG_INFORMATION_FORMAT = "dwarf-with-dsym";
				ENABLE_NS_ASSERTIONS = NO;
				ENABLE_STRICT_OBJC_MSGSEND = YES;
				GCC_C_LANGUAGE_STANDARD = gnu11;
				GCC_NO_COMMON_BLOCKS = YES;
				GCC_WARN_64_TO_32_BIT_CONVERSION = YES;
				GCC_WARN_ABOUT_RETURN_TYPE = YES_ERROR;
				GCC_WARN_UNDECLARED_SELECTOR = YES;
				GCC_WARN_UNINITIALIZED_AUTOS = YES_AGGRESSIVE;
				GCC_WARN_UNUSED_FUNCTION = YES;
				GCC_WARN_UNUSED_VARIABLE = YES;
				IPHONEOS_DEPLOYMENT_TARGET = 15.4;
				MTL_ENABLE_DEBUG_INFO = NO;
				MTL_FAST_MATH = YES;
				SDKROOT = iphoneos;
				SWIFT_COMPILATION_MODE = wholemodule;
				SWIFT_OPTIMIZATION_LEVEL = "-O";
				VALIDATE_PRODUCT = YES;
			};
			name = Release;
		};
		939A43122804CA1800654BE3 /* Debug */ = {
			isa = XCBuildConfiguration;
			buildSettings = {
				ASSETCATALOG_COMPILER_APPICON_NAME = AppIcon;
				ASSETCATALOG_COMPILER_GLOBAL_ACCENT_COLOR_NAME = AccentColor;
				CODE_SIGN_STYLE = Automatic;
				CURRENT_PROJECT_VERSION = 1;
				DEVELOPMENT_TEAM = 9BT9ZG6WD3;
				GENERATE_INFOPLIST_FILE = YES;
				INFOPLIST_FILE = "Catch 'em All/Info.plist";
				INFOPLIST_KEY_UIApplicationSupportsIndirectInputEvents = YES;
				INFOPLIST_KEY_UILaunchStoryboardName = LaunchScreen;
				INFOPLIST_KEY_UIMainStoryboardFile = Main;
				INFOPLIST_KEY_UISupportedInterfaceOrientations_iPad = "UIInterfaceOrientationPortrait UIInterfaceOrientationPortraitUpsideDown UIInterfaceOrientationLandscapeLeft UIInterfaceOrientationLandscapeRight";
				INFOPLIST_KEY_UISupportedInterfaceOrientations_iPhone = "UIInterfaceOrientationPortrait UIInterfaceOrientationLandscapeLeft UIInterfaceOrientationLandscapeRight";
				LD_RUNPATH_SEARCH_PATHS = (
					"$(inherited)",
					"@executable_path/Frameworks",
				);
				MARKETING_VERSION = 1.0;
				PRODUCT_BUNDLE_IDENTIFIER = "Chris-Bond.Catch--em-All";
				PRODUCT_NAME = "$(TARGET_NAME)";
				SWIFT_EMIT_LOC_STRINGS = YES;
				SWIFT_VERSION = 5.0;
				TARGETED_DEVICE_FAMILY = "1,2";
			};
			name = Debug;
		};
		939A43132804CA1800654BE3 /* Release */ = {
			isa = XCBuildConfiguration;
			buildSettings = {
				ASSETCATALOG_COMPILER_APPICON_NAME = AppIcon;
				ASSETCATALOG_COMPILER_GLOBAL_ACCENT_COLOR_NAME = AccentColor;
				CODE_SIGN_STYLE = Automatic;
				CURRENT_PROJECT_VERSION = 1;
				DEVELOPMENT_TEAM = 9BT9ZG6WD3;
				GENERATE_INFOPLIST_FILE = YES;
				INFOPLIST_FILE = "Catch 'em All/Info.plist";
				INFOPLIST_KEY_UIApplicationSupportsIndirectInputEvents = YES;
				INFOPLIST_KEY_UILaunchStoryboardName = LaunchScreen;
				INFOPLIST_KEY_UIMainStoryboardFile = Main;
				INFOPLIST_KEY_UISupportedInterfaceOrientations_iPad = "UIInterfaceOrientationPortrait UIInterfaceOrientationPortraitUpsideDown UIInterfaceOrientationLandscapeLeft UIInterfaceOrientationLandscapeRight";
				INFOPLIST_KEY_UISupportedInterfaceOrientations_iPhone = "UIInterfaceOrientationPortrait UIInterfaceOrientationLandscapeLeft UIInterfaceOrientationLandscapeRight";
				LD_RUNPATH_SEARCH_PATHS = (
					"$(inherited)",
					"@executable_path/Frameworks",
				);
				MARKETING_VERSION = 1.0;
				PRODUCT_BUNDLE_IDENTIFIER = "Chris-Bond.Catch--em-All";
				PRODUCT_NAME = "$(TARGET_NAME)";
				SWIFT_EMIT_LOC_STRINGS = YES;
				SWIFT_VERSION = 5.0;
				TARGETED_DEVICE_FAMILY = "1,2";
			};
			name = Release;
		};
/* End XCBuildConfiguration section */

/* Begin XCConfigurationList section */
		939A42F82804CA1400654BE3 /* Build configuration list for PBXProject "Catch 'em All" */ = {
			isa = XCConfigurationList;
			buildConfigurations = (
				939A430F2804CA1800654BE3 /* Debug */,
				939A43102804CA1800654BE3 /* Release */,
			);
			defaultConfigurationIsVisible = 0;
			defaultConfigurationName = Release;
		};
		939A43112804CA1800654BE3 /* Build configuration list for PBXNativeTarget "Catch 'em All" */ = {
			isa = XCConfigurationList;
			buildConfigurations = (
				939A43122804CA1800654BE3 /* Debug */,
				939A43132804CA1800654BE3 /* Release */,
			);
			defaultConfigurationIsVisible = 0;
			defaultConfigurationName = Release;
		};
/* End XCConfigurationList section */
	};
	rootObject = 939A42F52804CA1400654BE3 /* Project object */;
}
